
Microsoft Visual Studio Solution File, Format Version 12.00
# Visual Studio Version 17
VisualStudioVersion = 17.11.35222.181
MinimumVisualStudioVersion = 10.0.40219.1
Project("{2150E333-8FDC-42A3-9474-1A3956D46DE8}") = "GeometricShapesLibrary", "GeometricShapesLibrary", "{B42D279A-2574-4DF2-8890-3C714E9A02DC}"
EndProject
Project("{FAE04EC0-301F-11D3-BF4B-00C04F79EFBC}") = "ShapesLibrary", "GeometricShapesLibrary\ShapesLibrary\ShapesLibrary.csproj", "{6BCF9070-46C8-4A8D-BDF7-B15B593478C3}"
EndProject
Global
	GlobalSection(SolutionConfigurationPlatforms) = preSolution
		Debug|Any CPU = Debug|Any CPU
		Release|Any CPU = Release|Any CPU
	EndGlobalSection
	GlobalSection(ProjectConfigurationPlatforms) = postSolution
		{6BCF9070-46C8-4A8D-BDF7-B15B593478C3}.Debug|Any CPU.ActiveCfg = Debug|Any CPU
		{6BCF9070-46C8-4A8D-BDF7-B15B593478C3}.Debug|Any CPU.Build.0 = Debug|Any CPU
		{6BCF9070-46C8-4A8D-BDF7-B15B593478C3}.Release|Any CPU.ActiveCfg = Release|Any CPU
		{6BCF9070-46C8-4A8D-BDF7-B15B593478C3}.Release|Any CPU.Build.0 = Release|Any CPU
	EndGlobalSection
	GlobalSection(SolutionProperties) = preSolution
		HideSolutionNode = FALSE
	EndGlobalSection
	GlobalSection(NestedProjects) = preSolution
		{6BCF9070-46C8-4A8D-BDF7-B15B593478C3} = {B42D279A-2574-4DF2-8890-3C714E9A02DC}
	EndGlobalSection
	GlobalSection(ExtensibilityGlobals) = postSolution
		SolutionGuid = {8E5EBEDE-8C10-4DEE-8652-27511BFF43FB}
	EndGlobalSection
EndGlobal
